
Microsoft Visual Studio Solution File, Format Version 12.00
# Visual Studio Version 16
VisualStudioVersion = 16.0.30011.22
MinimumVisualStudioVersion = 10.0.40219.1
Project("{FAE04EC0-301F-11D3-BF4B-00C04F79EFBC}") = "MetMah", "MetMah\MetMah.csproj", "{7F22A502-3B12-420E-A603-324ADCFC6126}"
EndProject
Project("{FAE04EC0-301F-11D3-BF4B-00C04F79EFBC}") = "Tests", "Tests\Tests.csproj", "{442A321E-04E7-4892-8904-D165DEBB7FBD}"
EndProject
Global
	GlobalSection(SolutionConfigurationPlatforms) = preSolution
		Debug|Any CPU = Debug|Any CPU
		Release|Any CPU = Release|Any CPU
	EndGlobalSection
	GlobalSection(ProjectConfigurationPlatforms) = postSolution
		{7F22A502-3B12-420E-A603-324ADCFC6126}.Debug|Any CPU.ActiveCfg = Debug|Any CPU
		{7F22A502-3B12-420E-A603-324ADCFC6126}.Debug|Any CPU.Build.0 = Debug|Any CPU
		{7F22A502-3B12-420E-A603-324ADCFC6126}.Release|Any CPU.ActiveCfg = Release|Any CPU
		{7F22A502-3B12-420E-A603-324ADCFC6126}.Release|Any CPU.Build.0 = Release|Any CPU
		{442A321E-04E7-4892-8904-D165DEBB7FBD}.Debug|Any CPU.ActiveCfg = Debug|Any CPU
		{442A321E-04E7-4892-8904-D165DEBB7FBD}.Debug|Any CPU.Build.0 = Debug|Any CPU
		{442A321E-04E7-4892-8904-D165DEBB7FBD}.Release|Any CPU.ActiveCfg = Release|Any CPU
		{442A321E-04E7-4892-8904-D165DEBB7FBD}.Release|Any CPU.Build.0 = Release|Any CPU
	EndGlobalSection
	GlobalSection(SolutionProperties) = preSolution
		HideSolutionNode = FALSE
	EndGlobalSection
	GlobalSection(ExtensibilityGlobals) = postSolution
		SolutionGuid = {B8F73413-F6B8-4A51-AFEE-1795CF789C42}
	EndGlobalSection
EndGlobal
